# This file is automatically @generated by Cargo.
# It is not intended for manual editing.
version = 3

[[package]]
name = "aho-corasick"
version = "1.1.3"
source = "registry+https://github.com/rust-lang/crates.io-index"
checksum = "8e60d3430d3a69478ad0993f19238d2df97c507009a52b3c10addcd7f6bcb916"
dependencies = [
 "memchr",
]

[[package]]
name = "anstyle"
version = "1.0.10"
source = "registry+https://github.com/rust-lang/crates.io-index"
checksum = "55cc3b69f167a1ef2e161439aa98aed94e6028e5f9a59be9a6ffb47aef1651f9"

[[package]]
name = "bitflags"
version = "2.9.0"
source = "registry+https://github.com/rust-lang/crates.io-index"
checksum = "5c8214115b7bf84099f1309324e63141d4c5d7cc26862f97a0a857dbefe165bd"

[[package]]
name = "block"
version = "0.1.6"
source = "registry+https://github.com/rust-lang/crates.io-index"
checksum = "0d8c1fef690941d3e7788d328517591fecc684c084084702d6ff1641e993699a"

[[package]]
name = "cc"
version = "1.2.20"
source = "registry+https://github.com/rust-lang/crates.io-index"
checksum = "04da6a0d40b948dfc4fa8f5bbf402b0fc1a64a28dbf7d12ffd683550f2c1b63a"
dependencies = [
 "shlex",
]

[[package]]
name = "cfg-if"
version = "1.0.0"
source = "registry+https://github.com/rust-lang/crates.io-index"
checksum = "baf1de4339761588bc0619e3cbc0120ee582ebb74b53b4efbf79117bd2da40fd"

[[package]]
name = "clap"
version = "4.5.37"
source = "registry+https://github.com/rust-lang/crates.io-index"
checksum = "eccb054f56cbd38340b380d4a8e69ef1f02f1af43db2f0cc817a4774d80ae071"
dependencies = [
 "clap_builder",
 "clap_derive",
]

[[package]]
name = "clap_builder"
version = "4.5.37"
source = "registry+https://github.com/rust-lang/crates.io-index"
checksum = "efd9466fac8543255d3b1fcad4762c5e116ffe808c8a3043d4263cd4fd4862a2"
dependencies = [
 "anstyle",
 "clap_lex",
]

[[package]]
name = "clap_derive"
version = "4.5.32"
source = "registry+https://github.com/rust-lang/crates.io-index"
checksum = "09176aae279615badda0765c0c0b3f6ed53f4709118af73cf4655d85d1530cd7"
dependencies = [
 "heck",
 "proc-macro2",
 "quote",
 "syn 2.0.100",
]

[[package]]
name = "clap_lex"
version = "0.7.4"
source = "registry+https://github.com/rust-lang/crates.io-index"
checksum = "f46ad14479a25103f283c0f10005961cf086d8dc42205bb44c46ac563475dca6"

[[package]]
name = "colored"
version = "3.0.0"
source = "registry+https://github.com/rust-lang/crates.io-index"
checksum = "fde0e0ec90c9dfb3b4b1a0891a7dcd0e2bffde2f7efed5fe7c9bb00e5bfb915e"
dependencies = [
 "windows-sys",
]

[[package]]
name = "darling"
version = "0.14.4"
source = "registry+https://github.com/rust-lang/crates.io-index"
checksum = "7b750cb3417fd1b327431a470f388520309479ab0bf5e323505daf0290cd3850"
dependencies = [
 "darling_core",
 "darling_macro",
]

[[package]]
name = "darling_core"
version = "0.14.4"
source = "registry+https://github.com/rust-lang/crates.io-index"
checksum = "109c1ca6e6b7f82cc233a97004ea8ed7ca123a9af07a8230878fcfda9b158bf0"
dependencies = [
 "fnv",
 "ident_case",
 "proc-macro2",
 "quote",
 "strsim",
 "syn 1.0.109",
]

[[package]]
name = "darling_macro"
version = "0.14.4"
source = "registry+https://github.com/rust-lang/crates.io-index"
checksum = "a4aab4dbc9f7611d8b55048a3a16d2d010c2c8334e46304b40ac1cc14bf3b48e"
dependencies = [
 "darling_core",
 "quote",
 "syn 1.0.109",
]

[[package]]
name = "derive_builder"
version = "0.12.0"
source = "registry+https://github.com/rust-lang/crates.io-index"
checksum = "8d67778784b508018359cbc8696edb3db78160bab2c2a28ba7f56ef6932997f8"
dependencies = [
 "derive_builder_macro",
]

[[package]]
name = "derive_builder_core"
version = "0.12.0"
source = "registry+https://github.com/rust-lang/crates.io-index"
checksum = "c11bdc11a0c47bc7d37d582b5285da6849c96681023680b906673c5707af7b0f"
dependencies = [
 "darling",
 "proc-macro2",
 "quote",
 "syn 1.0.109",
]

[[package]]
name = "derive_builder_macro"
version = "0.12.0"
source = "registry+https://github.com/rust-lang/crates.io-index"
checksum = "ebcda35c7a396850a55ffeac740804b40ffec779b98fffbb1738f4033f0ee79e"
dependencies = [
 "derive_builder_core",
 "syn 1.0.109",
]

[[package]]
name = "edit"
version = "0.1.5"
source = "registry+https://github.com/rust-lang/crates.io-index"
checksum = "f364860e764787163c8c8f58231003839be31276e821e2ad2092ddf496b1aa09"
dependencies = [
 "tempfile",
 "which",
]

[[package]]
name = "either"
version = "1.15.0"
source = "registry+https://github.com/rust-lang/crates.io-index"
checksum = "48c757948c5ede0e46177b7add2e67155f70e33c07fea8284df6576da70b3719"

[[package]]
name = "errno"
version = "0.3.11"
source = "registry+https://github.com/rust-lang/crates.io-index"
checksum = "976dd42dc7e85965fe702eb8164f21f450704bdde31faefd6471dba214cb594e"
dependencies = [
 "libc",
 "windows-sys",
]

[[package]]
name = "fastrand"
version = "2.3.0"
source = "registry+https://github.com/rust-lang/crates.io-index"
checksum = "37909eebbb50d72f9059c3b6d82c0463f2ff062c9e95845c43a6c9c0355411be"

[[package]]
name = "fnv"
version = "1.0.7"
source = "registry+https://github.com/rust-lang/crates.io-index"
checksum = "3f9eec918d3f24069decb9af1554cad7c880e2da24a9afd88aca000531ab82c1"

[[package]]
name = "freedesktop-desktop-entry"
version = "0.7.10"
source = "registry+https://github.com/rust-lang/crates.io-index"
checksum = "2258b98a780699da05c858682498ceaf3942013d7d93ca7584e26fbacc58f2d9"
dependencies = [
 "gettext-rs",
 "log",
 "memchr",
 "thiserror 2.0.12",
 "unicase",
 "xdg",
]

[[package]]
name = "fzf-wrapped"
version = "0.1.4"
source = "registry+https://github.com/rust-lang/crates.io-index"
checksum = "b6c61a44d13f57f2bb4c181a380dbb2e0367d1af53ca6721b5c9fc6b9c7e345d"
dependencies = [
 "derive_builder",
]

[[package]]
name = "getrandom"
version = "0.3.2"
source = "registry+https://github.com/rust-lang/crates.io-index"
checksum = "73fea8450eea4bac3940448fb7ae50d91f034f941199fcd9d909a5a07aa455f0"
dependencies = [
 "cfg-if",
 "libc",
 "r-efi",
 "wasi",
]

[[package]]
name = "gettext-rs"
version = "0.7.2"
source = "registry+https://github.com/rust-lang/crates.io-index"
checksum = "a44e92f7dc08430aca7ed55de161253a22276dfd69c5526e5c5e95d1f7cf338a"
dependencies = [
 "gettext-sys",
 "locale_config",
]

[[package]]
name = "gettext-sys"
version = "0.22.5"
source = "registry+https://github.com/rust-lang/crates.io-index"
checksum = "bb45773f5b8945f12aecd04558f545964f943dacda1b1155b3d738f5469ef661"
dependencies = [
 "cc",
 "temp-dir",
]

[[package]]
name = "heck"
version = "0.5.0"
source = "registry+https://github.com/rust-lang/crates.io-index"
checksum = "2304e00983f87ffb38b55b444b5e3b60a884b5d30c0fca7d82fe33449bbe55ea"

[[package]]
name = "home"
version = "0.5.11"
source = "registry+https://github.com/rust-lang/crates.io-index"
checksum = "589533453244b0995c858700322199b2becb13b627df2851f64a2775d024abcf"
dependencies = [
 "windows-sys",
]

[[package]]
name = "ident_case"
version = "1.0.1"
source = "registry+https://github.com/rust-lang/crates.io-index"
checksum = "b9e0384b61958566e926dc50660321d12159025e767c18e043daf26b70104c39"

[[package]]
name = "itoa"
version = "1.0.15"
source = "registry+https://github.com/rust-lang/crates.io-index"
checksum = "4a5f13b858c8d314ee3e8f639011f7ccefe71f97f96e50151fb991f267928e2c"

[[package]]
name = "lazy_static"
version = "1.5.0"
source = "registry+https://github.com/rust-lang/crates.io-index"
checksum = "bbd2bcb4c963f2ddae06a2efc7e9f3591312473c50c6685e1f298068316e66fe"

[[package]]
name = "libc"
version = "0.2.172"
source = "registry+https://github.com/rust-lang/crates.io-index"
checksum = "d750af042f7ef4f724306de029d18836c26c1765a54a6a3f094cbd23a7267ffa"

[[package]]
name = "linux-raw-sys"
version = "0.4.15"
source = "registry+https://github.com/rust-lang/crates.io-index"
checksum = "d26c52dbd32dccf2d10cac7725f8eae5296885fb5703b261f7d0a0739ec807ab"

[[package]]
name = "linux-raw-sys"
version = "0.9.4"
source = "registry+https://github.com/rust-lang/crates.io-index"
checksum = "cd945864f07fe9f5371a27ad7b52a172b4b499999f1d97574c9fa68373937e12"

[[package]]
name = "locale_config"
version = "0.3.0"
source = "registry+https://github.com/rust-lang/crates.io-index"
checksum = "08d2c35b16f4483f6c26f0e4e9550717a2f6575bcd6f12a53ff0c490a94a6934"
dependencies = [
 "lazy_static",
 "objc",
 "objc-foundation",
 "regex",
 "winapi",
]

[[package]]
name = "log"
version = "0.4.27"
source = "registry+https://github.com/rust-lang/crates.io-index"
checksum = "13dc2df351e3202783a1fe0d44375f7295ffb4049267b0f3018346dc122a1d94"

[[package]]
name = "malloc_buf"
version = "0.0.6"
source = "registry+https://github.com/rust-lang/crates.io-index"
checksum = "62bb907fe88d54d8d9ce32a3cceab4218ed2f6b7d35617cafe9adf84e43919cb"
dependencies = [
 "libc",
]

[[package]]
name = "memchr"
version = "2.7.4"
source = "registry+https://github.com/rust-lang/crates.io-index"
checksum = "78ca9ab1a0babb1e7d5695e3530886289c18cf2f87ec19a575a0abdce112e3a3"

[[package]]
name = "objc"
version = "0.2.7"
source = "registry+https://github.com/rust-lang/crates.io-index"
checksum = "915b1b472bc21c53464d6c8461c9d3af805ba1ef837e1cac254428f4a77177b1"
dependencies = [
 "malloc_buf",
]

[[package]]
name = "objc-foundation"
version = "0.1.1"
source = "registry+https://github.com/rust-lang/crates.io-index"
checksum = "1add1b659e36c9607c7aab864a76c7a4c2760cd0cd2e120f3fb8b952c7e22bf9"
dependencies = [
 "block",
 "objc",
 "objc_id",
]

[[package]]
name = "objc_id"
version = "0.1.1"
source = "registry+https://github.com/rust-lang/crates.io-index"
checksum = "c92d4ddb4bd7b50d730c215ff871754d0da6b2178849f8a2a2ab69712d0c073b"
dependencies = [
 "objc",
]

[[package]]
name = "once_cell"
version = "1.21.3"
source = "registry+https://github.com/rust-lang/crates.io-index"
checksum = "42f5e15c9953c5e4ccceeb2e7382a716482c34515315f7b03532b8b4e8393d2d"

[[package]]
name = "proc-macro2"
version = "1.0.95"
source = "registry+https://github.com/rust-lang/crates.io-index"
checksum = "02b3e5e68a3a1a02aad3ec490a98007cbc13c37cbe84a3cd7b8e406d76e7f778"
dependencies = [
 "unicode-ident",
]

[[package]]
name = "quote"
version = "1.0.40"
source = "registry+https://github.com/rust-lang/crates.io-index"
checksum = "1885c039570dc00dcb4ff087a89e185fd56bae234ddc7f056a945bf36467248d"
dependencies = [
 "proc-macro2",
]

[[package]]
name = "r-efi"
version = "5.2.0"
source = "registry+https://github.com/rust-lang/crates.io-index"
checksum = "74765f6d916ee2faa39bc8e68e4f3ed8949b48cccdac59983d287a7cb71ce9c5"

[[package]]
name = "regex"
version = "1.11.1"
source = "registry+https://github.com/rust-lang/crates.io-index"
checksum = "b544ef1b4eac5dc2db33ea63606ae9ffcfac26c1416a2806ae0bf5f56b201191"
dependencies = [
 "aho-corasick",
 "memchr",
 "regex-automata",
 "regex-syntax",
]

[[package]]
name = "regex-automata"
version = "0.4.9"
source = "registry+https://github.com/rust-lang/crates.io-index"
checksum = "809e8dc61f6de73b46c85f4c96486310fe304c434cfa43669d7b40f711150908"
dependencies = [
 "aho-corasick",
 "memchr",
 "regex-syntax",
]

[[package]]
name = "regex-syntax"
version = "0.8.5"
source = "registry+https://github.com/rust-lang/crates.io-index"
checksum = "2b15c43186be67a4fd63bee50d0303afffcef381492ebe2c5d87f324e1b8815c"

[[package]]
name = "rustix"
version = "0.38.44"
source = "registry+https://github.com/rust-lang/crates.io-index"
checksum = "fdb5bc1ae2baa591800df16c9ca78619bf65c0488b41b96ccec5d11220d8c154"
dependencies = [
 "bitflags",
 "errno",
 "libc",
 "linux-raw-sys 0.4.15",
 "windows-sys",
]

[[package]]
name = "rustix"
version = "1.0.5"
source = "registry+https://github.com/rust-lang/crates.io-index"
checksum = "d97817398dd4bb2e6da002002db259209759911da105da92bec29ccb12cf58bf"
dependencies = [
 "bitflags",
 "errno",
 "libc",
 "linux-raw-sys 0.9.4",
 "windows-sys",
]

[[package]]
name = "ryu"
version = "1.0.20"
source = "registry+https://github.com/rust-lang/crates.io-index"
checksum = "28d3b2b1366ec20994f1fd18c3c594f05c5dd4bc44d8bb0c1c632c8d6829481f"

[[package]]
name = "serde"
version = "1.0.219"
source = "registry+https://github.com/rust-lang/crates.io-index"
checksum = "5f0e2c6ed6606019b4e29e69dbaba95b11854410e5347d525002456dbbb786b6"
dependencies = [
 "serde_derive",
]

[[package]]
name = "serde_derive"
version = "1.0.219"
source = "registry+https://github.com/rust-lang/crates.io-index"
checksum = "5b0276cf7f2c73365f7157c8123c21cd9a50fbbd844757af28ca1f5925fc2a00"
dependencies = [
 "proc-macro2",
 "quote",
 "syn 2.0.100",
]

[[package]]
name = "serde_json"
version = "1.0.140"
source = "registry+https://github.com/rust-lang/crates.io-index"
checksum = "20068b6e96dc6c9bd23e01df8827e6c7e1f2fddd43c21810382803c136b99373"
dependencies = [
 "itoa",
 "memchr",
 "ryu",
 "serde",
]

[[package]]
name = "shlex"
version = "1.3.0"
source = "registry+https://github.com/rust-lang/crates.io-index"
checksum = "0fda2ff0d084019ba4d7c6f371c95d8fd75ce3524c3cb8fb653a3023f6323e64"

[[package]]
name = "strsim"
version = "0.10.0"
source = "registry+https://github.com/rust-lang/crates.io-index"
checksum = "73473c0e59e6d5812c5dfe2a064a6444949f089e20eec9a2e5506596494e4623"

[[package]]
name = "sway-helper"
version = "0.1.0"
dependencies = [
 "clap",
 "colored",
 "edit",
 "freedesktop-desktop-entry",
 "fzf-wrapped",
 "regex",
 "swayipc",
 "thiserror 2.0.12",
]

[[package]]
name = "swayipc"
version = "3.0.3"
source = "registry+https://github.com/rust-lang/crates.io-index"
checksum = "2b8c50cb2e98e88b52066a35ef791fffd8f6fa631c3a4983de18ba41f718c736"
dependencies = [
 "serde",
 "serde_json",
 "swayipc-types",
]

[[package]]
name = "swayipc-types"
version = "1.4.1"
source = "registry+https://github.com/rust-lang/crates.io-index"
checksum = "551233c60323e87cfb8194c21cc44577ab848d00bb7fa2d324a2c7f52609eaff"
dependencies = [
 "serde",
 "serde_json",
 "thiserror 1.0.69",
]

[[package]]
name = "syn"
version = "1.0.109"
source = "registry+https://github.com/rust-lang/crates.io-index"
checksum = "72b64191b275b66ffe2469e8af2c1cfe3bafa67b529ead792a6d0160888b4237"
dependencies = [
 "proc-macro2",
 "quote",
 "unicode-ident",
]

[[package]]
name = "syn"
version = "2.0.100"
source = "registry+https://github.com/rust-lang/crates.io-index"
checksum = "b09a44accad81e1ba1cd74a32461ba89dee89095ba17b32f5d03683b1b1fc2a0"
dependencies = [
 "proc-macro2",
 "quote",
 "unicode-ident",
]

[[package]]
name = "temp-dir"
version = "0.1.14"
source = "registry+https://github.com/rust-lang/crates.io-index"
checksum = "bc1ee6eef34f12f765cb94725905c6312b6610ab2b0940889cfe58dae7bc3c72"

[[package]]
name = "tempfile"
version = "3.19.1"
source = "registry+https://github.com/rust-lang/crates.io-index"
checksum = "7437ac7763b9b123ccf33c338a5cc1bac6f69b45a136c19bdd8a65e3916435bf"
dependencies = [
 "fastrand",
 "getrandom",
 "once_cell",
 "rustix 1.0.5",
 "windows-sys",
]

[[package]]
name = "thiserror"
version = "1.0.69"
source = "registry+https://github.com/rust-lang/crates.io-index"
checksum = "b6aaf5339b578ea85b50e080feb250a3e8ae8cfcdff9a461c9ec2904bc923f52"
dependencies = [
 "thiserror-impl 1.0.69",
]

[[package]]
name = "thiserror"
version = "2.0.12"
source = "registry+https://github.com/rust-lang/crates.io-index"
checksum = "567b8a2dae586314f7be2a752ec7474332959c6460e02bde30d702a66d488708"
dependencies = [
 "thiserror-impl 2.0.12",
]

[[package]]
name = "thiserror-impl"
version = "1.0.69"
source = "registry+https://github.com/rust-lang/crates.io-index"
checksum = "4fee6c4efc90059e10f81e6d42c60a18f76588c3d74cb83a0b242a2b6c7504c1"
dependencies = [
 "proc-macro2",
 "quote",
 "syn 2.0.100",
]

[[package]]
name = "thiserror-impl"
version = "2.0.12"
source = "registry+https://github.com/rust-lang/crates.io-index"
checksum = "7f7cf42b4507d8ea322120659672cf1b9dbb93f8f2d4ecfd6e51350ff5b17a1d"
dependencies = [
 "proc-macro2",
 "quote",
 "syn 2.0.100",
]

[[package]]
name = "unicase"
version = "2.8.1"
source = "registry+https://github.com/rust-lang/crates.io-index"
checksum = "75b844d17643ee918803943289730bec8aac480150456169e647ed0b576ba539"

[[package]]
name = "unicode-ident"
version = "1.0.18"
source = "registry+https://github.com/rust-lang/crates.io-index"
checksum = "5a5f39404a5da50712a4c1eecf25e90dd62b613502b7e925fd4e4d19b5c96512"

[[package]]
name = "wasi"
version = "0.14.2+wasi-0.2.4"
source = "registry+https://github.com/rust-lang/crates.io-index"
checksum = "9683f9a5a998d873c0d21fcbe3c083009670149a8fab228644b8bd36b2c48cb3"
dependencies = [
 "wit-bindgen-rt",
]

[[package]]
name = "which"
version = "4.4.2"
source = "registry+https://github.com/rust-lang/crates.io-index"
checksum = "87ba24419a2078cd2b0f2ede2691b6c66d8e47836da3b6db8265ebad47afbfc7"
dependencies = [
 "either",
 "home",
 "once_cell",
 "rustix 0.38.44",
]

[[package]]
name = "winapi"
version = "0.3.9"
source = "registry+https://github.com/rust-lang/crates.io-index"
checksum = "5c839a674fcd7a98952e593242ea400abe93992746761e38641405d28b00f419"
dependencies = [
 "winapi-i686-pc-windows-gnu",
 "winapi-x86_64-pc-windows-gnu",
]

[[package]]
name = "winapi-i686-pc-windows-gnu"
version = "0.4.0"
source = "registry+https://github.com/rust-lang/crates.io-index"
checksum = "ac3b87c63620426dd9b991e5ce0329eff545bccbbb34f3be09ff6fb6ab51b7b6"

[[package]]
name = "winapi-x86_64-pc-windows-gnu"
version = "0.4.0"
source = "registry+https://github.com/rust-lang/crates.io-index"
checksum = "712e227841d057c1ee1cd2fb22fa7e5a5461ae8e48fa2ca79ec42cfc1931183f"

[[package]]
name = "windows-sys"
version = "0.59.0"
source = "registry+https://github.com/rust-lang/crates.io-index"
checksum = "1e38bc4d79ed67fd075bcc251a1c39b32a1776bbe92e5bef1f0bf1f8c531853b"
dependencies = [
 "windows-targets",
]

[[package]]
name = "windows-targets"
version = "0.52.6"
source = "registry+https://github.com/rust-lang/crates.io-index"
checksum = "9b724f72796e036ab90c1021d4780d4d3d648aca59e491e6b98e725b84e99973"
dependencies = [
 "windows_aarch64_gnullvm",
 "windows_aarch64_msvc",
 "windows_i686_gnu",
 "windows_i686_gnullvm",
 "windows_i686_msvc",
 "windows_x86_64_gnu",
 "windows_x86_64_gnullvm",
 "windows_x86_64_msvc",
]

[[package]]
name = "windows_aarch64_gnullvm"
version = "0.52.6"
source = "registry+https://github.com/rust-lang/crates.io-index"
checksum = "32a4622180e7a0ec044bb555404c800bc9fd9ec262ec147edd5989ccd0c02cd3"

[[package]]
name = "windows_aarch64_msvc"
version = "0.52.6"
source = "registry+https://github.com/rust-lang/crates.io-index"
checksum = "09ec2a7bb152e2252b53fa7803150007879548bc709c039df7627cabbd05d469"

[[package]]
name = "windows_i686_gnu"
version = "0.52.6"
source = "registry+https://github.com/rust-lang/crates.io-index"
checksum = "8e9b5ad5ab802e97eb8e295ac6720e509ee4c243f69d781394014ebfe8bbfa0b"

[[package]]
name = "windows_i686_gnullvm"
version = "0.52.6"
source = "registry+https://github.com/rust-lang/crates.io-index"
checksum = "0eee52d38c090b3caa76c563b86c3a4bd71ef1a819287c19d586d7334ae8ed66"

[[package]]
name = "windows_i686_msvc"
version = "0.52.6"
source = "registry+https://github.com/rust-lang/crates.io-index"
checksum = "240948bc05c5e7c6dabba28bf89d89ffce3e303022809e73deaefe4f6ec56c66"

[[package]]
name = "windows_x86_64_gnu"
version = "0.52.6"
source = "registry+https://github.com/rust-lang/crates.io-index"
checksum = "147a5c80aabfbf0c7d901cb5895d1de30ef2907eb21fbbab29ca94c5b08b1a78"

[[package]]
name = "windows_x86_64_gnullvm"
version = "0.52.6"
source = "registry+https://github.com/rust-lang/crates.io-index"
checksum = "24d5b23dc417412679681396f2b49f3de8c1473deb516bd34410872eff51ed0d"

[[package]]
name = "windows_x86_64_msvc"
version = "0.52.6"
source = "registry+https://github.com/rust-lang/crates.io-index"
checksum = "589f6da84c646204747d1270a2a5661ea66ed1cced2631d546fdfb155959f9ec"

[[package]]
name = "wit-bindgen-rt"
version = "0.39.0"
source = "registry+https://github.com/rust-lang/crates.io-index"
checksum = "6f42320e61fe2cfd34354ecb597f86f413484a798ba44a8ca1165c58d42da6c1"
dependencies = [
 "bitflags",
]

[[package]]
name = "xdg"
version = "2.5.2"
source = "registry+https://github.com/rust-lang/crates.io-index"
checksum = "213b7324336b53d2414b2db8537e56544d981803139155afa84f76eeebb7a546"
